
Microsoft Visual Studio Solution File, Format Version 12.00
# Visual Studio 2013
VisualStudioVersion = 12.0.31101.0
MinimumVisualStudioVersion = 10.0.40219.1
Project("{8BC9CEB8-8B4A-11D0-8D11-00A0C91BC942}") = "PTAM", "PTAM.vcxproj", "{A6E40617-4EC6-4644-AEF5-BDA9BA0A9C09}"
	ProjectSection(ProjectDependencies) = postProject
		{DB1962D5-5EBB-499D-9F84-4FCF6435063C} = {DB1962D5-5EBB-499D-9F84-4FCF6435063C}
		{81160AD9-2883-4EDD-AF09-35E3F4C9BA1E} = {81160AD9-2883-4EDD-AF09-35E3F4C9BA1E}
	EndProjectSection
EndProject
Project("{8BC9CEB8-8B4A-11D0-8D11-00A0C91BC942}") = "CameraCalibrator", "CameraCalibrator.vcxproj", "{73D54605-B3C3-4D64-92E3-E5BD7A359391}"
	ProjectSection(ProjectDependencies) = postProject
		{DB1962D5-5EBB-499D-9F84-4FCF6435063C} = {DB1962D5-5EBB-499D-9F84-4FCF6435063C}
		{81160AD9-2883-4EDD-AF09-35E3F4C9BA1E} = {81160AD9-2883-4EDD-AF09-35E3F4C9BA1E}
	EndProjectSection
EndProject
Project("{8BC9CEB8-8B4A-11D0-8D11-00A0C91BC942}") = "gvars3", "gvars-3.0\gvars-3.0\build\vc2008\gvars3.vcxproj", "{81160AD9-2883-4EDD-AF09-35E3F4C9BA1E}"
EndProject
Project("{8BC9CEB8-8B4A-11D0-8D11-00A0C91BC942}") = "libcvd", "libcvd-20120202\libcvd-20120202\build\vc2008\libcvd-TooN.vcxproj", "{DB1962D5-5EBB-499D-9F84-4FCF6435063C}"
EndProject
Global
	GlobalSection(SolutionConfigurationPlatforms) = preSolution
		Debug|Win32 = Debug|Win32
		Debug|x64 = Debug|x64
		Release|Win32 = Release|Win32
		Release|x64 = Release|x64
	EndGlobalSection
	GlobalSection(ProjectConfigurationPlatforms) = postSolution
		{A6E40617-4EC6-4644-AEF5-BDA9BA0A9C09}.Debug|Win32.ActiveCfg = Debug|Win32
		{A6E40617-4EC6-4644-AEF5-BDA9BA0A9C09}.Debug|Win32.Build.0 = Debug|Win32
		{A6E40617-4EC6-4644-AEF5-BDA9BA0A9C09}.Debug|x64.ActiveCfg = Debug|x64
		{A6E40617-4EC6-4644-AEF5-BDA9BA0A9C09}.Debug|x64.Build.0 = Debug|x64
		{A6E40617-4EC6-4644-AEF5-BDA9BA0A9C09}.Release|Win32.ActiveCfg = Release|Win32
		{A6E40617-4EC6-4644-AEF5-BDA9BA0A9C09}.Release|Win32.Build.0 = Release|Win32
		{A6E40617-4EC6-4644-AEF5-BDA9BA0A9C09}.Release|x64.ActiveCfg = Release|x64
		{A6E40617-4EC6-4644-AEF5-BDA9BA0A9C09}.Release|x64.Build.0 = Release|x64
		{73D54605-B3C3-4D64-92E3-E5BD7A359391}.Debug|Win32.ActiveCfg = Debug|Win32
		{73D54605-B3C3-4D64-92E3-E5BD7A359391}.Debug|Win32.Build.0 = Debug|Win32
		{73D54605-B3C3-4D64-92E3-E5BD7A359391}.Debug|x64.ActiveCfg = Debug|x64
		{73D54605-B3C3-4D64-92E3-E5BD7A359391}.Debug|x64.Build.0 = Debug|x64
		{73D54605-B3C3-4D64-92E3-E5BD7A359391}.Release|Win32.ActiveCfg = Release|Win32
		{73D54605-B3C3-4D64-92E3-E5BD7A359391}.Release|Win32.Build.0 = Release|Win32
		{73D54605-B3C3-4D64-92E3-E5BD7A359391}.Release|x64.ActiveCfg = Release|x64
		{73D54605-B3C3-4D64-92E3-E5BD7A359391}.Release|x64.Build.0 = Release|x64
		{81160AD9-2883-4EDD-AF09-35E3F4C9BA1E}.Debug|Win32.ActiveCfg = Debug|Win32
		{81160AD9-2883-4EDD-AF09-35E3F4C9BA1E}.Debug|Win32.Build.0 = Debug|Win32
		{81160AD9-2883-4EDD-AF09-35E3F4C9BA1E}.Debug|x64.ActiveCfg = Debug|x64
		{81160AD9-2883-4EDD-AF09-35E3F4C9BA1E}.Debug|x64.Build.0 = Debug|x64
		{81160AD9-2883-4EDD-AF09-35E3F4C9BA1E}.Release|Win32.ActiveCfg = Release|Win32
		{81160AD9-2883-4EDD-AF09-35E3F4C9BA1E}.Release|Win32.Build.0 = Release|Win32
		{81160AD9-2883-4EDD-AF09-35E3F4C9BA1E}.Release|x64.ActiveCfg = Release|x64
		{81160AD9-2883-4EDD-AF09-35E3F4C9BA1E}.Release|x64.Build.0 = Release|x64
		{DB1962D5-5EBB-499D-9F84-4FCF6435063C}.Debug|Win32.ActiveCfg = Debug|Win32
		{DB1962D5-5EBB-499D-9F84-4FCF6435063C}.Debug|Win32.Build.0 = Debug|Win32
		{DB1962D5-5EBB-499D-9F84-4FCF6435063C}.Debug|x64.ActiveCfg = Debug|x64
		{DB1962D5-5EBB-499D-9F84-4FCF6435063C}.Debug|x64.Build.0 = Debug|x64
		{DB1962D5-5EBB-499D-9F84-4FCF6435063C}.Release|Win32.ActiveCfg = Release|Win32
		{DB1962D5-5EBB-499D-9F84-4FCF6435063C}.Release|Win32.Build.0 = Release|Win32
		{DB1962D5-5EBB-499D-9F84-4FCF6435063C}.Release|x64.ActiveCfg = Release|x64
		{DB1962D5-5EBB-499D-9F84-4FCF6435063C}.Release|x64.Build.0 = Release|x64
	EndGlobalSection
	GlobalSection(SolutionProperties) = preSolution
		HideSolutionNode = FALSE
	EndGlobalSection
EndGlobal
